// !$*UTF8*$!
{
	archiveVersion = 1;
	classes = {
	};
	objectVersion = 55;
	objects = {

/* Begin PBXBuildFile section */
		DAB7C6D92726D9500025DDD4 /* AppDelegate.swift in Sources */ = {isa = PBXBuildFile; fileRef = DAB7C6D82726D9500025DDD4 /* AppDelegate.swift */; };
		DAB7C6DB2726D9500025DDD4 /* SceneDelegate.swift in Sources */ = {isa = PBXBuildFile; fileRef = DAB7C6DA2726D9500025DDD4 /* SceneDelegate.swift */; };
		DAB7C6DD2726D9500025DDD4 /* ViewController.swift in Sources */ = {isa = PBXBuildFile; fileRef = DAB7C6DC2726D9500025DDD4 /* ViewController.swift */; };
		DAB7C6E02726D9500025DDD4 /* Main.storyboard in Resources */ = {isa = PBXBuildFile; fileRef = DAB7C6DE2726D9500025DDD4 /* Main.storyboard */; };
		DAB7C6E22726D9510025DDD4 /* Assets.xcassets in Resources */ = {isa = PBXBuildFile; fileRef = DAB7C6E12726D9510025DDD4 /* Assets.xcassets */; };
		DAB7C6E52726D9510025DDD4 /* LaunchScreen.storyboard in Resources */ = {isa = PBXBuildFile; fileRef = DAB7C6E32726D9510025DDD4 /* LaunchScreen.storyboard */; };
		DAB7C6F82726DC8F0025DDD4 /* AnimalDataModel.swift in Sources */ = {isa = PBXBuildFile; fileRef = DAB7C6F72726DC8F0025DDD4 /* AnimalDataModel.swift */; };
		DAB7C6FA2726DD120025DDD4 /* NetworkManager.swift in Sources */ = {isa = PBXBuildFile; fileRef = DAB7C6F92726DD120025DDD4 /* NetworkManager.swift */; };
		DAB7C73D27273CDF0025DDD4 /* AnimalViewCell.swift in Sources */ = {isa = PBXBuildFile; fileRef = DAB7C73B27273CDF0025DDD4 /* AnimalViewCell.swift */; };
		DAB7C73E27273CDF0025DDD4 /* AnimalViewCell.xib in Resources */ = {isa = PBXBuildFile; fileRef = DAB7C73C27273CDF0025DDD4 /* AnimalViewCell.xib */; };
		DAB7C748272789020025DDD4 /* LazyLoading.swift in Sources */ = {isa = PBXBuildFile; fileRef = DAB7C747272789020025DDD4 /* LazyLoading.swift */; };
		DAB7C74A272790880025DDD4 /* AnimalDetail.swift in Sources */ = {isa = PBXBuildFile; fileRef = DAB7C749272790880025DDD4 /* AnimalDetail.swift */; };
/* End PBXBuildFile section */

/* Begin PBXFileReference section */
		DAB7C6D52726D9500025DDD4 /* LazyLoadingAssignment.app */ = {isa = PBXFileReference; explicitFileType = wrapper.application; includeInIndex = 0; path = LazyLoadingAssignment.app; sourceTree = BUILT_PRODUCTS_DIR; };
		DAB7C6D82726D9500025DDD4 /* AppDelegate.swift */ = {isa = PBXFileReference; lastKnownFileType = sourcecode.swift; path = AppDelegate.swift; sourceTree = "<group>"; };
		DAB7C6DA2726D9500025DDD4 /* SceneDelegate.swift */ = {isa = PBXFileReference; lastKnownFileType = sourcecode.swift; path = SceneDelegate.swift; sourceTree = "<group>"; };
		DAB7C6DC2726D9500025DDD4 /* ViewController.swift */ = {isa = PBXFileReference; lastKnownFileType = sourcecode.swift; path = ViewController.swift; sourceTree = "<group>"; };
		DAB7C6DF2726D9500025DDD4 /* Base */ = {isa = PBXFileReference; lastKnownFileType = file.storyboard; name = Base; path = Base.lproj/Main.storyboard; sourceTree = "<group>"; };
		DAB7C6E12726D9510025DDD4 /* Assets.xcassets */ = {isa = PBXFileReference; lastKnownFileType = folder.assetcatalog; path = Assets.xcassets; sourceTree = "<group>"; };
		DAB7C6E42726D9510025DDD4 /* Base */ = {isa = PBXFileReference; lastKnownFileType = file.storyboard; name = Base; path = Base.lproj/LaunchScreen.storyboard; sourceTree = "<group>"; };
		DAB7C6E62726D9510025DDD4 /* Info.plist */ = {isa = PBXFileReference; lastKnownFileType = text.plist.xml; path = Info.plist; sourceTree = "<group>"; };
		DAB7C6F72726DC8F0025DDD4 /* AnimalDataModel.swift */ = {isa = PBXFileReference; lastKnownFileType = sourcecode.swift; path = AnimalDataModel.swift; sourceTree = "<group>"; };
		DAB7C6F92726DD120025DDD4 /* NetworkManager.swift */ = {isa = PBXFileReference; lastKnownFileType = sourcecode.swift; path = NetworkManager.swift; sourceTree = "<group>"; };
		DAB7C73B27273CDF0025DDD4 /* AnimalViewCell.swift */ = {isa = PBXFileReference; lastKnownFileType = sourcecode.swift; path = AnimalViewCell.swift; sourceTree = "<group>"; };
		DAB7C73C27273CDF0025DDD4 /* AnimalViewCell.xib */ = {isa = PBXFileReference; lastKnownFileType = file.xib; path = AnimalViewCell.xib; sourceTree = "<group>"; };
		DAB7C747272789020025DDD4 /* LazyLoading.swift */ = {isa = PBXFileReference; lastKnownFileType = sourcecode.swift; path = LazyLoading.swift; sourceTree = "<group>"; };
		DAB7C749272790880025DDD4 /* AnimalDetail.swift */ = {isa = PBXFileReference; lastKnownFileType = sourcecode.swift; path = AnimalDetail.swift; sourceTree = "<group>"; };
/* End PBXFileReference section */

/* Begin PBXFrameworksBuildPhase section */
		DAB7C6D22726D9500025DDD4 /* Frameworks */ = {
			isa = PBXFrameworksBuildPhase;
			buildActionMask = 2147483647;
			files = (
			);
			runOnlyForDeploymentPostprocessing = 0;
		};
/* End PBXFrameworksBuildPhase section */

/* Begin PBXGroup section */
		DAB7C6CC2726D9500025DDD4 = {
			isa = PBXGroup;
			children = (
				DAB7C6D72726D9500025DDD4 /* LazyLoadingAssignment */,
				DAB7C6D62726D9500025DDD4 /* Products */,
			);
			sourceTree = "<group>";
		};
		DAB7C6D62726D9500025DDD4 /* Products */ = {
			isa = PBXGroup;
			children = (
				DAB7C6D52726D9500025DDD4 /* LazyLoadingAssignment.app */,
			);
			name = Products;
			sourceTree = "<group>";
		};
		DAB7C6D72726D9500025DDD4 /* LazyLoadingAssignment */ = {
			isa = PBXGroup;
			children = (
				DAB7C6EC2726D9710025DDD4 /* View */,
				DAB7C6ED2726D9A50025DDD4 /* Model */,
				DAB7C6EE2726D9B40025DDD4 /* Network */,
				DAB7C6D82726D9500025DDD4 /* AppDelegate.swift */,
				DAB7C6DA2726D9500025DDD4 /* SceneDelegate.swift */,
				DAB7C6DE2726D9500025DDD4 /* Main.storyboard */,
				DAB7C6E12726D9510025DDD4 /* Assets.xcassets */,
				DAB7C6E32726D9510025DDD4 /* LaunchScreen.storyboard */,
				DAB7C6E62726D9510025DDD4 /* Info.plist */,
			);
			path = LazyLoadingAssignment;
			sourceTree = "<group>";
		};
		DAB7C6EC2726D9710025DDD4 /* View */ = {
			isa = PBXGroup;
			children = (
				DAB7C6DC2726D9500025DDD4 /* ViewController.swift */,
				DAB7C73B27273CDF0025DDD4 /* AnimalViewCell.swift */,
				DAB7C73C27273CDF0025DDD4 /* AnimalViewCell.xib */,
				DAB7C747272789020025DDD4 /* LazyLoading.swift */,
				DAB7C749272790880025DDD4 /* AnimalDetail.swift */,
			);
			path = View;
			sourceTree = "<group>";
		};
		DAB7C6ED2726D9A50025DDD4 /* Model */ = {
			isa = PBXGroup;
			children = (
				DAB7C6F72726DC8F0025DDD4 /* AnimalDataModel.swift */,
			);
			path = Model;
			sourceTree = "<group>";
		};
		DAB7C6EE2726D9B40025DDD4 /* Network */ = {
			isa = PBXGroup;
			children = (
				DAB7C6F92726DD120025DDD4 /* NetworkManager.swift */,
			);
			path = Network;
			sourceTree = "<group>";
		};
/* End PBXGroup section */

/* Begin PBXNativeTarget section */
		DAB7C6D42726D9500025DDD4 /* LazyLoadingAssignment */ = {
			isa = PBXNativeTarget;
			buildConfigurationList = DAB7C6E92726D9510025DDD4 /* Build configuration list for PBXNativeTarget "LazyLoadingAssignment" */;
			buildPhases = (
				DAB7C6D12726D9500025DDD4 /* Sources */,
				DAB7C6D22726D9500025DDD4 /* Frameworks */,
				DAB7C6D32726D9500025DDD4 /* Resources */,
			);
			buildRules = (
			);
			dependencies = (
			);
			name = LazyLoadingAssignment;
			productName = LazyLoadingAssignment;
			productReference = DAB7C6D52726D9500025DDD4 /* LazyLoadingAssignment.app */;
			productType = "com.apple.product-type.application";
		};
/* End PBXNativeTarget section */

/* Begin PBXProject section */
		DAB7C6CD2726D9500025DDD4 /* Project object */ = {
			isa = PBXProject;
			attributes = {
				BuildIndependentTargetsInParallel = 1;
				LastSwiftUpdateCheck = 1300;
				LastUpgradeCheck = 1300;
				TargetAttributes = {
					DAB7C6D42726D9500025DDD4 = {
						CreatedOnToolsVersion = 13.0;
					};
				};
			};
			buildConfigurationList = DAB7C6D02726D9500025DDD4 /* Build configuration list for PBXProject "LazyLoadingAssignment" */;
			compatibilityVersion = "Xcode 13.0";
			developmentRegion = en;
			hasScannedForEncodings = 0;
			knownRegions = (
				en,
				Base,
			);
			mainGroup = DAB7C6CC2726D9500025DDD4;
			productRefGroup = DAB7C6D62726D9500025DDD4 /* Products */;
			projectDirPath = "";
			projectRoot = "";
			targets = (
				DAB7C6D42726D9500025DDD4 /* LazyLoadingAssignment */,
			);
		};
/* End PBXProject section */

/* Begin PBXResourcesBuildPhase section */
		DAB7C6D32726D9500025DDD4 /* Resources */ = {
			isa = PBXResourcesBuildPhase;
			buildActionMask = 2147483647;
			files = (
				DAB7C73E27273CDF0025DDD4 /* AnimalViewCell.xib in Resources */,
				DAB7C6E52726D9510025DDD4 /* LaunchScreen.storyboard in Resources */,
				DAB7C6E22726D9510025DDD4 /* Assets.xcassets in Resources */,
				DAB7C6E02726D9500025DDD4 /* Main.storyboard in Resources */,
			);
			runOnlyForDeploymentPostprocessing = 0;
		};
/* End PBXResourcesBuildPhase section */

/* Begin PBXSourcesBuildPhase section */
		DAB7C6D12726D9500025DDD4 /* Sources */ = {
			isa = PBXSourcesBuildPhase;
			buildActionMask = 2147483647;
			files = (
				DAB7C748272789020025DDD4 /* LazyLoading.swift in Sources */,
				DAB7C6FA2726DD120025DDD4 /* NetworkManager.swift in Sources */,
				DAB7C74A272790880025DDD4 /* AnimalDetail.swift in Sources */,
				DAB7C6F82726DC8F0025DDD4 /* AnimalDataModel.swift in Sources */,
				DAB7C73D27273CDF0025DDD4 /* AnimalViewCell.swift in Sources */,
				DAB7C6DD2726D9500025DDD4 /* ViewController.swift in Sources */,
				DAB7C6D92726D9500025DDD4 /* AppDelegate.swift in Sources */,
				DAB7C6DB2726D9500025DDD4 /* SceneDelegate.swift in Sources */,
			);
			runOnlyForDeploymentPostprocessing = 0;
		};
/* End PBXSourcesBuildPhase section */

/* Begin PBXVariantGroup section */
		DAB7C6DE2726D9500025DDD4 /* Main.storyboard */ = {
			isa = PBXVariantGroup;
			children = (
				DAB7C6DF2726D9500025DDD4 /* Base */,
			);
			name = Main.storyboard;
			sourceTree = "<group>";
		};
		DAB7C6E32726D9510025DDD4 /* LaunchScreen.storyboard */ = {
			isa = PBXVariantGroup;
			children = (
				DAB7C6E42726D9510025DDD4 /* Base */,
			);
			name = LaunchScreen.storyboard;
			sourceTree = "<group>";
		};
/* End PBXVariantGroup section */

/* Begin XCBuildConfiguration section */
		DAB7C6E72726D9510025DDD4 /* Debug */ = {
			isa = XCBuildConfiguration;
			buildSettings = {
				ALWAYS_SEARCH_USER_PATHS = NO;
				CLANG_ANALYZER_NONNULL = YES;
				CLANG_ANALYZER_NUMBER_OBJECT_CONVERSION = YES_AGGRESSIVE;
				CLANG_CXX_LANGUAGE_STANDARD = "gnu++17";
				CLANG_CXX_LIBRARY = "libc++";
				CLANG_ENABLE_MODULES = YES;
				CLANG_ENABLE_OBJC_ARC = YES;
				CLANG_ENABLE_OBJC_WEAK = YES;
				CLANG_WARN_BLOCK_CAPTURE_AUTORELEASING = YES;
				CLANG_WARN_BOOL_CONVERSION = YES;
				CLANG_WARN_COMMA = YES;
				CLANG_WARN_CONSTANT_CONVERSION = YES;
				CLANG_WARN_DEPRECATED_OBJC_IMPLEMENTATIONS = YES;
				CLANG_WARN_DIRECT_OBJC_ISA_USAGE = YES_ERROR;
				CLANG_WARN_DOCUMENTATION_COMMENTS = YES;
				CLANG_WARN_EMPTY_BODY = YES;
				CLANG_WARN_ENUM_CONVERSION = YES;
				CLANG_WARN_INFINITE_RECURSION = YES;
				CLANG_WARN_INT_CONVERSION = YES;
				CLANG_WARN_NON_LITERAL_NULL_CONVERSION = YES;
				CLANG_WARN_OBJC_IMPLICIT_RETAIN_SELF = YES;
				CLANG_WARN_OBJC_LITERAL_CONVERSION = YES;
				CLANG_WARN_OBJC_ROOT_CLASS = YES_ERROR;
				CLANG_WARN_QUOTED_INCLUDE_IN_FRAMEWORK_HEADER = YES;
				CLANG_WARN_RANGE_LOOP_ANALYSIS = YES;
				CLANG_WARN_STRICT_PROTOTYPES = YES;
				CLANG_WARN_SUSPICIOUS_MOVE = YES;
				CLANG_WARN_UNGUARDED_AVAILABILITY = YES_AGGRESSIVE;
				CLANG_WARN_UNREACHABLE_CODE = YES;
				CLANG_WARN__DUPLICATE_METHOD_MATCH = YES;
				COPY_PHASE_STRIP = NO;
				DEBUG_INFORMATION_FORMAT = dwarf;
				ENABLE_STRICT_OBJC_MSGSEND = YES;
				ENABLE_TESTABILITY = YES;
				GCC_C_LANGUAGE_STANDARD = gnu11;
				GCC_DYNAMIC_NO_PIC = NO;
				GCC_NO_COMMON_BLOCKS = YES;
				GCC_OPTIMIZATION_LEVEL = 0;
				GCC_PREPROCESSOR_DEFINITIONS = (
					"DEBUG=1",
					"$(inherited)",
				);
				GCC_WARN_64_TO_32_BIT_CONVERSION = YES;
				GCC_WARN_ABOUT_RETURN_TYPE = YES_ERROR;
				GCC_WARN_UNDECLARED_SELECTOR = YES;
				GCC_WARN_UNINITIALIZED_AUTOS = YES_AGGRESSIVE;
				GCC_WARN_UNUSED_FUNCTION = YES;
				GCC_WARN_UNUSED_VARIABLE = YES;
				IPHONEOS_DEPLOYMENT_TARGET = 15.0;
				MTL_ENABLE_DEBUG_INFO = INCLUDE_SOURCE;
				MTL_FAST_MATH = YES;
				ONLY_ACTIVE_ARCH = YES;
				SDKROOT = iphoneos;
				SWIFT_ACTIVE_COMPILATION_CONDITIONS = DEBUG;
				SWIFT_OPTIMIZATION_LEVEL = "-Onone";
			};
			name = Debug;
		};
		DAB7C6E82726D9510025DDD4 /* Release */ = {
			isa = XCBuildConfiguration;
			buildSettings = {
				ALWAYS_SEARCH_USER_PATHS = NO;
				CLANG_ANALYZER_NONNULL = YES;
				CLANG_ANALYZER_NUMBER_OBJECT_CONVERSION = YES_AGGRESSIVE;
				CLANG_CXX_LANGUAGE_STANDARD = "gnu++17";
				CLANG_CXX_LIBRARY = "libc++";
				CLANG_ENABLE_MODULES = YES;
				CLANG_ENABLE_OBJC_ARC = YES;
				CLANG_ENABLE_OBJC_WEAK = YES;
				CLANG_WARN_BLOCK_CAPTURE_AUTORELEASING = YES;
				CLANG_WARN_BOOL_CONVERSION = YES;
				CLANG_WARN_COMMA = YES;
				CLANG_WARN_CONSTANT_CONVERSION = YES;
				CLANG_WARN_DEPRECATED_OBJC_IMPLEMENTATIONS = YES;
				CLANG_WARN_DIRECT_OBJC_ISA_USAGE = YES_ERROR;
				CLANG_WARN_DOCUMENTATION_COMMENTS = YES;
				CLANG_WARN_EMPTY_BODY = YES;
				CLANG_WARN_ENUM_CONVERSION = YES;
				CLANG_WARN_INFINITE_RECURSION = YES;
				CLANG_WARN_INT_CONVERSION = YES;
				CLANG_WARN_NON_LITERAL_NULL_CONVERSION = YES;
				CLANG_WARN_OBJC_IMPLICIT_RETAIN_SELF = YES;
				CLANG_WARN_OBJC_LITERAL_CONVERSION = YES;
				CLANG_WARN_OBJC_ROOT_CLASS = YES_ERROR;
				CLANG_WARN_QUOTED_INCLUDE_IN_FRAMEWORK_HEADER = YES;
				CLANG_WARN_RANGE_LOOP_ANALYSIS = YES;
				CLANG_WARN_STRICT_PROTOTYPES = YES;
				CLANG_WARN_SUSPICIOUS_MOVE = YES;
				CLANG_WARN_UNGUARDED_AVAILABILITY = YES_AGGRESSIVE;
				CLANG_WARN_UNREACHABLE_CODE = YES;
				CLANG_WARN__DUPLICATE_METHOD_MATCH = YES;
				COPY_PHASE_STRIP = NO;
				DEBUG_INFORMATION_FORMAT = "dwarf-with-dsym";
				ENABLE_NS_ASSERTIONS = NO;
				ENABLE_STRICT_OBJC_MSGSEND = YES;
				GCC_C_LANGUAGE_STANDARD = gnu11;
				GCC_NO_COMMON_BLOCKS = YES;
				GCC_WARN_64_TO_32_BIT_CONVERSION = YES;
				GCC_WARN_ABOUT_RETURN_TYPE = YES_ERROR;
				GCC_WARN_UNDECLARED_SELECTOR = YES;
				GCC_WARN_UNINITIALIZED_AUTOS = YES_AGGRESSIVE;
				GCC_WARN_UNUSED_FUNCTION = YES;
				GCC_WARN_UNUSED_VARIABLE = YES;
				IPHONEOS_DEPLOYMENT_TARGET = 15.0;
				MTL_ENABLE_DEBUG_INFO = NO;
				MTL_FAST_MATH = YES;
				SDKROOT = iphoneos;
				SWIFT_COMPILATION_MODE = wholemodule;
				SWIFT_OPTIMIZATION_LEVEL = "-O";
				VALIDATE_PRODUCT = YES;
			};
			name = Release;
		};
		DAB7C6EA2726D9510025DDD4 /* Debug */ = {
			isa = XCBuildConfiguration;
			buildSettings = {
				ASSETCATALOG_COMPILER_APPICON_NAME = AppIcon;
				ASSETCATALOG_COMPILER_GLOBAL_ACCENT_COLOR_NAME = AccentColor;
				CODE_SIGN_STYLE = Automatic;
				CURRENT_PROJECT_VERSION = 1;
				DEVELOPMENT_TEAM = ZN3W5ZYC98;
				GENERATE_INFOPLIST_FILE = YES;
				INFOPLIST_FILE = LazyLoadingAssignment/Info.plist;
				INFOPLIST_KEY_UIApplicationSupportsIndirectInputEvents = YES;
				INFOPLIST_KEY_UILaunchStoryboardName = LaunchScreen;
				INFOPLIST_KEY_UIMainStoryboardFile = Main;
				INFOPLIST_KEY_UISupportedInterfaceOrientations_iPad = "UIInterfaceOrientationPortrait UIInterfaceOrientationPortraitUpsideDown UIInterfaceOrientationLandscapeLeft UIInterfaceOrientationLandscapeRight";
				INFOPLIST_KEY_UISupportedInterfaceOrientations_iPhone = "UIInterfaceOrientationPortrait UIInterfaceOrientationLandscapeLeft UIInterfaceOrientationLandscapeRight";
				LD_RUNPATH_SEARCH_PATHS = (
					"$(inherited)",
					"@executable_path/Frameworks",
				);
				MARKETING_VERSION = 1.0;
				PRODUCT_BUNDLE_IDENTIFIER = com.justinbell.LazyLoadingAssignment;
				PRODUCT_NAME = "$(TARGET_NAME)";
				SWIFT_EMIT_LOC_STRINGS = YES;
				SWIFT_VERSION = 5.0;
				TARGETED_DEVICE_FAMILY = "1,2";
			};
			name = Debug;
		};
		DAB7C6EB2726D9510025DDD4 /* Release */ = {
			isa = XCBuildConfiguration;
			buildSettings = {
				ASSETCATALOG_COMPILER_APPICON_NAME = AppIcon;
				ASSETCATALOG_COMPILER_GLOBAL_ACCENT_COLOR_NAME = AccentColor;
				CODE_SIGN_STYLE = Automatic;
				CURRENT_PROJECT_VERSION = 1;
				DEVELOPMENT_TEAM = ZN3W5ZYC98;
				GENERATE_INFOPLIST_FILE = YES;
				INFOPLIST_FILE = LazyLoadingAssignment/Info.plist;
				INFOPLIST_KEY_UIApplicationSupportsIndirectInputEvents = YES;
				INFOPLIST_KEY_UILaunchStoryboardName = LaunchScreen;
				INFOPLIST_KEY_UIMainStoryboardFile = Main;
				INFOPLIST_KEY_UISupportedInterfaceOrientations_iPad = "UIInterfaceOrientationPortrait UIInterfaceOrientationPortraitUpsideDown UIInterfaceOrientationLandscapeLeft UIInterfaceOrientationLandscapeRight";
				INFOPLIST_KEY_UISupportedInterfaceOrientations_iPhone = "UIInterfaceOrientationPortrait UIInterfaceOrientationLandscapeLeft UIInterfaceOrientationLandscapeRight";
				LD_RUNPATH_SEARCH_PATHS = (
					"$(inherited)",
					"@executable_path/Frameworks",
				);
				MARKETING_VERSION = 1.0;
				PRODUCT_BUNDLE_IDENTIFIER = com.justinbell.LazyLoadingAssignment;
				PRODUCT_NAME = "$(TARGET_NAME)";
				SWIFT_EMIT_LOC_STRINGS = YES;
				SWIFT_VERSION = 5.0;
				TARGETED_DEVICE_FAMILY = "1,2";
			};
			name = Release;
		};
/* End XCBuildConfiguration section */

/* Begin XCConfigurationList section */
		DAB7C6D02726D9500025DDD4 /* Build configuration list for PBXProject "LazyLoadingAssignment" */ = {
			isa = XCConfigurationList;
			buildConfigurations = (
				DAB7C6E72726D9510025DDD4 /* Debug */,
				DAB7C6E82726D9510025DDD4 /* Release */,
			);
			defaultConfigurationIsVisible = 0;
			defaultConfigurationName = Release;
		};
		DAB7C6E92726D9510025DDD4 /* Build configuration list for PBXNativeTarget "LazyLoadingAssignment" */ = {
			isa = XCConfigurationList;
			buildConfigurations = (
				DAB7C6EA2726D9510025DDD4 /* Debug */,
				DAB7C6EB2726D9510025DDD4 /* Release */,
			);
			defaultConfigurationIsVisible = 0;
			defaultConfigurationName = Release;
		};
/* End XCConfigurationList section */
	};
	rootObject = DAB7C6CD2726D9500025DDD4 /* Project object */;
}
